// !$*UTF8*$!
{
	archiveVersion = 1;
	classes = {
	};
	objectVersion = 46;
	objects = {

/* Begin PBXFileReference section */
		F0E8ECEA1D2B9EB300262199 /* __init__.py */ = {isa = PBXFileReference; fileEncoding = 4; lastKnownFileType = text.script.python; path = __init__.py; sourceTree = "<group>"; };
		F0E8ECEB1D2B9EB300262199 /* settings.py */ = {isa = PBXFileReference; fileEncoding = 4; lastKnownFileType = text.script.python; path = settings.py; sourceTree = "<group>"; };
		F0E8ECEC1D2B9EB300262199 /* urls.py */ = {isa = PBXFileReference; fileEncoding = 4; lastKnownFileType = text.script.python; path = urls.py; sourceTree = "<group>"; };
		F0E8ECED1D2B9EB300262199 /* wsgi.py */ = {isa = PBXFileReference; fileEncoding = 4; lastKnownFileType = text.script.python; path = wsgi.py; sourceTree = "<group>"; };
		F0E8ECEE1D2B9EB300262199 /* manage.py */ = {isa = PBXFileReference; fileEncoding = 4; lastKnownFileType = text.script.python; path = manage.py; sourceTree = "<group>"; };
		F0E8ECF11D2B9F8800262199 /* error.py */ = {isa = PBXFileReference; fileEncoding = 4; lastKnownFileType = text.script.python; path = error.py; sourceTree = "<group>"; };
		F0E8ECF21D2B9F8800262199 /* function.py */ = {isa = PBXFileReference; fileEncoding = 4; lastKnownFileType = text.script.python; path = function.py; sourceTree = "<group>"; };
		F0E8ECF31D2B9F8800262199 /* main.py */ = {isa = PBXFileReference; fileEncoding = 4; lastKnownFileType = text.script.python; path = main.py; sourceTree = "<group>"; };
		F0E8ECF41D2B9F8800262199 /* object.py */ = {isa = PBXFileReference; fileEncoding = 4; lastKnownFileType = text.script.python; path = object.py; sourceTree = "<group>"; };
		F0E8ECF51D2B9F8800262199 /* python.db */ = {isa = PBXFileReference; lastKnownFileType = file; path = python.db; sourceTree = "<group>"; };
		F0E8ECF61D2B9F8800262199 /* server.py */ = {isa = PBXFileReference; fileEncoding = 4; lastKnownFileType = text.script.python; path = server.py; sourceTree = "<group>"; };
		F0E8ECF71D2B9F8800262199 /* text.text */ = {isa = PBXFileReference; fileEncoding = 4; lastKnownFileType = net.daringfireball.markdown; path = text.text; sourceTree = "<group>"; };
		F0E8ECF81D2B9F8800262199 /* app.py */ = {isa = PBXFileReference; fileEncoding = 4; lastKnownFileType = text.script.python; path = app.py; sourceTree = "<group>"; };
		F0E8ECFA1D2BAB1E00262199 /* home.html */ = {isa = PBXFileReference; fileEncoding = 4; lastKnownFileType = text.html; path = home.html; sourceTree = "<group>"; };
		F0E8ECFB1D2BAB4D00262199 /* form.html */ = {isa = PBXFileReference; fileEncoding = 4; lastKnownFileType = text.html; path = form.html; sourceTree = "<group>"; };
		F0E8ECFC1D2BAB5900262199 /* sign_ok.html */ = {isa = PBXFileReference; fileEncoding = 4; lastKnownFileType = text.html; path = sign_ok.html; sourceTree = "<group>"; };
/* End PBXFileReference section */

/* Begin PBXGroup section */
		F04D828E1D24B84A004B32B5 = {
			isa = PBXGroup;
			children = (
				F0E8ECF01D2B9F8800262199 /* Demo */,
				F0E8ECE81D2B9EB300262199 /* HelloWorld */,
			);
			sourceTree = "<group>";
		};
		F0E8ECE81D2B9EB300262199 /* HelloWorld */ = {
			isa = PBXGroup;
			children = (
				F0E8ECE91D2B9EB300262199 /* HelloWorld */,
				F0E8ECEE1D2B9EB300262199 /* manage.py */,
			);
			path = HelloWorld;
			sourceTree = "<group>";
		};
		F0E8ECE91D2B9EB300262199 /* HelloWorld */ = {
			isa = PBXGroup;
			children = (
				F0E8ECEA1D2B9EB300262199 /* __init__.py */,
				F0E8ECEB1D2B9EB300262199 /* settings.py */,
				F0E8ECEC1D2B9EB300262199 /* urls.py */,
				F0E8ECED1D2B9EB300262199 /* wsgi.py */,
			);
			path = HelloWorld;
			sourceTree = "<group>";
		};
		F0E8ECF01D2B9F8800262199 /* Demo */ = {
			isa = PBXGroup;
			children = (
				F0E8ECF91D2BAB1100262199 /* templates */,
				F0E8ECF31D2B9F8800262199 /* main.py */,
				F0E8ECF81D2B9F8800262199 /* app.py */,
				F0E8ECF61D2B9F8800262199 /* server.py */,
				F0E8ECF21D2B9F8800262199 /* function.py */,
				F0E8ECF41D2B9F8800262199 /* object.py */,
				F0E8ECF11D2B9F8800262199 /* error.py */,
				F0E8ECF51D2B9F8800262199 /* python.db */,
				F0E8ECF71D2B9F8800262199 /* text.text */,
			);
			path = Demo;
			sourceTree = "<group>";
		};
		F0E8ECF91D2BAB1100262199 /* templates */ = {
			isa = PBXGroup;
			children = (
				F0E8ECFA1D2BAB1E00262199 /* home.html */,
				F0E8ECFB1D2BAB4D00262199 /* form.html */,
				F0E8ECFC1D2BAB5900262199 /* sign_ok.html */,
			);
			path = templates;
			sourceTree = "<group>";
		};
/* End PBXGroup section */

/* Begin PBXLegacyTarget section */
		F04D82931D24B84A004B32B5 /* Python */ = {
			isa = PBXLegacyTarget;
			buildArgumentsString = "$(ACTION)";
			buildConfigurationList = F04D82961D24B84A004B32B5 /* Build configuration list for PBXLegacyTarget "Python" */;
			buildPhases = (
			);
			buildToolPath = /Library/Frameworks/Python.framework/Versions/3.5/bin/python3;
			buildWorkingDirectory = "";
			dependencies = (
			);
			name = Python;
			passBuildSettingsInEnvironment = 1;
			productName = Python;
		};
/* End PBXLegacyTarget section */

/* Begin PBXProject section */
		F04D828F1D24B84A004B32B5 /* Project object */ = {
			isa = PBXProject;
			attributes = {
				LastUpgradeCheck = 0730;
				ORGANIZATIONNAME = com.lovewith.lovewith;
				TargetAttributes = {
					F04D82931D24B84A004B32B5 = {
						CreatedOnToolsVersion = 7.3.1;
					};
				};
			};
			buildConfigurationList = F04D82921D24B84A004B32B5 /* Build configuration list for PBXProject "Python" */;
			compatibilityVersion = "Xcode 3.2";
			developmentRegion = English;
			hasScannedForEncodings = 0;
			knownRegions = (
				en,
			);
			mainGroup = F04D828E1D24B84A004B32B5;
			projectDirPath = "";
			projectRoot = "";
			targets = (
				F04D82931D24B84A004B32B5 /* Python */,
			);
		};
/* End PBXProject section */

/* Begin XCBuildConfiguration section */
		F04D82941D24B84A004B32B5 /* Debug */ = {
			isa = XCBuildConfiguration;
			buildSettings = {
				ALWAYS_SEARCH_USER_PATHS = NO;
				CLANG_ANALYZER_NONNULL = YES;
				CLANG_CXX_LANGUAGE_STANDARD = "gnu++0x";
				CLANG_CXX_LIBRARY = "libc++";
				CLANG_ENABLE_MODULES = YES;
				CLANG_ENABLE_OBJC_ARC = YES;
				CLANG_WARN_BOOL_CONVERSION = YES;
				CLANG_WARN_CONSTANT_CONVERSION = YES;
				CLANG_WARN_DIRECT_OBJC_ISA_USAGE = YES_ERROR;
				CLANG_WARN_EMPTY_BODY = YES;
				CLANG_WARN_ENUM_CONVERSION = YES;
				CLANG_WARN_INT_CONVERSION = YES;
				CLANG_WARN_OBJC_ROOT_CLASS = YES_ERROR;
				CLANG_WARN_UNREACHABLE_CODE = YES;
				CLANG_WARN__DUPLICATE_METHOD_MATCH = YES;
				COPY_PHASE_STRIP = NO;
				DEBUG_INFORMATION_FORMAT = dwarf;
				ENABLE_STRICT_OBJC_MSGSEND = YES;
				ENABLE_TESTABILITY = YES;
				GCC_C_LANGUAGE_STANDARD = gnu99;
				GCC_DYNAMIC_NO_PIC = NO;
				GCC_NO_COMMON_BLOCKS = YES;
				GCC_OPTIMIZATION_LEVEL = 0;
				GCC_PREPROCESSOR_DEFINITIONS = (
					"DEBUG=1",
					"$(inherited)",
				);
				GCC_WARN_64_TO_32_BIT_CONVERSION = YES;
				GCC_WARN_ABOUT_RETURN_TYPE = YES_ERROR;
				GCC_WARN_UNDECLARED_SELECTOR = YES;
				GCC_WARN_UNINITIALIZED_AUTOS = YES_AGGRESSIVE;
				GCC_WARN_UNUSED_FUNCTION = YES;
				GCC_WARN_UNUSED_VARIABLE = YES;
				MTL_ENABLE_DEBUG_INFO = YES;
				ONLY_ACTIVE_ARCH = YES;
			};
			name = Debug;
		};
		F04D82951D24B84A004B32B5 /* Release */ = {
			isa = XCBuildConfiguration;
			buildSettings = {
				ALWAYS_SEARCH_USER_PATHS = NO;
				CLANG_ANALYZER_NONNULL = YES;
				CLANG_CXX_LANGUAGE_STANDARD = "gnu++0x";
				CLANG_CXX_LIBRARY = "libc++";
				CLANG_ENABLE_MODULES = YES;
				CLANG_ENABLE_OBJC_ARC = YES;
				CLANG_WARN_BOOL_CONVERSION = YES;
				CLANG_WARN_CONSTANT_CONVERSION = YES;
				CLANG_WARN_DIRECT_OBJC_ISA_USAGE = YES_ERROR;
				CLANG_WARN_EMPTY_BODY = YES;
				CLANG_WARN_ENUM_CONVERSION = YES;
				CLANG_WARN_INT_CONVERSION = YES;
				CLANG_WARN_OBJC_ROOT_CLASS = YES_ERROR;
				CLANG_WARN_UNREACHABLE_CODE = YES;
				CLANG_WARN__DUPLICATE_METHOD_MATCH = YES;
				COPY_PHASE_STRIP = NO;
				DEBUG_INFORMATION_FORMAT = "dwarf-with-dsym";
				ENABLE_NS_ASSERTIONS = NO;
				ENABLE_STRICT_OBJC_MSGSEND = YES;
				GCC_C_LANGUAGE_STANDARD = gnu99;
				GCC_NO_COMMON_BLOCKS = YES;
				GCC_WARN_64_TO_32_BIT_CONVERSION = YES;
				GCC_WARN_ABOUT_RETURN_TYPE = YES_ERROR;
				GCC_WARN_UNDECLARED_SELECTOR = YES;
				GCC_WARN_UNINITIALIZED_AUTOS = YES_AGGRESSIVE;
				GCC_WARN_UNUSED_FUNCTION = YES;
				GCC_WARN_UNUSED_VARIABLE = YES;
				MTL_ENABLE_DEBUG_INFO = NO;
			};
			name = Release;
		};
		F04D82971D24B84A004B32B5 /* Debug */ = {
			isa = XCBuildConfiguration;
			buildSettings = {
				DEBUGGING_SYMBOLS = YES;
				DEBUG_INFORMATION_FORMAT = dwarf;
				GCC_GENERATE_DEBUGGING_SYMBOLS = YES;
				GCC_OPTIMIZATION_LEVEL = 0;
				OTHER_CFLAGS = "";
				OTHER_LDFLAGS = "";
				PRODUCT_NAME = "$(TARGET_NAME)";
			};
			name = Debug;
		};
		F04D82981D24B84A004B32B5 /* Release */ = {
			isa = XCBuildConfiguration;
			buildSettings = {
				DEBUG_INFORMATION_FORMAT = "dwarf-with-dsym";
				OTHER_CFLAGS = "";
				OTHER_LDFLAGS = "";
				PRODUCT_NAME = "$(TARGET_NAME)";
			};
			name = Release;
		};
/* End XCBuildConfiguration section */

/* Begin XCConfigurationList section */
		F04D82921D24B84A004B32B5 /* Build configuration list for PBXProject "Python" */ = {
			isa = XCConfigurationList;
			buildConfigurations = (
				F04D82941D24B84A004B32B5 /* Debug */,
				F04D82951D24B84A004B32B5 /* Release */,
			);
			defaultConfigurationIsVisible = 0;
			defaultConfigurationName = Release;
		};
		F04D82961D24B84A004B32B5 /* Build configuration list for PBXLegacyTarget "Python" */ = {
			isa = XCConfigurationList;
			buildConfigurations = (
				F04D82971D24B84A004B32B5 /* Debug */,
				F04D82981D24B84A004B32B5 /* Release */,
			);
			defaultConfigurationIsVisible = 0;
			defaultConfigurationName = Release;
		};
/* End XCConfigurationList section */
	};
	rootObject = F04D828F1D24B84A004B32B5 /* Project object */;
}
